// !$*UTF8*$!
{
	archiveVersion = 1;
	classes = {
	};
	objectVersion = 56;
	objects = {

/* Begin PBXBuildFile section */
		D5F35D3D2BA4C8CB0013F8C9 /* AppDelegate.swift in Sources */ = {isa = PBXBuildFile; fileRef = D5F35D3C2BA4C8CB0013F8C9 /* AppDelegate.swift */; };
		D5F35D3F2BA4C8CB0013F8C9 /* SceneDelegate.swift in Sources */ = {isa = PBXBuildFile; fileRef = D5F35D3E2BA4C8CB0013F8C9 /* SceneDelegate.swift */; };
		D5F35D412BA4C8CB0013F8C9 /* LoginController.swift in Sources */ = {isa = PBXBuildFile; fileRef = D5F35D402BA4C8CB0013F8C9 /* LoginController.swift */; };
		D5F35D462BA4C8CC0013F8C9 /* Assets.xcassets in Resources */ = {isa = PBXBuildFile; fileRef = D5F35D452BA4C8CC0013F8C9 /* Assets.xcassets */; };
		D5F35D492BA4C8CC0013F8C9 /* LaunchScreen.storyboard in Resources */ = {isa = PBXBuildFile; fileRef = D5F35D472BA4C8CC0013F8C9 /* LaunchScreen.storyboard */; };
		D5F35D542BA77A9C0013F8C9 /* AuthHeaderView.swift in Sources */ = {isa = PBXBuildFile; fileRef = D5F35D532BA77A9C0013F8C9 /* AuthHeaderView.swift */; };
		D5F35D562BA788D60013F8C9 /* CustomTextField.swift in Sources */ = {isa = PBXBuildFile; fileRef = D5F35D552BA788D50013F8C9 /* CustomTextField.swift */; };
		D5F35D582BA78F6F0013F8C9 /* CustomButton.swift in Sources */ = {isa = PBXBuildFile; fileRef = D5F35D572BA78F6E0013F8C9 /* CustomButton.swift */; };
		D5F35D5A2BA8656D0013F8C9 /* RegisterController.swift in Sources */ = {isa = PBXBuildFile; fileRef = D5F35D592BA8656D0013F8C9 /* RegisterController.swift */; };
		D5F35D5C2BA8780B0013F8C9 /* WebViewController.swift in Sources */ = {isa = PBXBuildFile; fileRef = D5F35D5B2BA8780B0013F8C9 /* WebViewController.swift */; };
		D5F35D5E2BA882500013F8C9 /* ForgotPassController.swift in Sources */ = {isa = PBXBuildFile; fileRef = D5F35D5D2BA882500013F8C9 /* ForgotPassController.swift */; };
/* End PBXBuildFile section */

/* Begin PBXFileReference section */
		D5F35D392BA4C8CB0013F8C9 /* TravelLog.app */ = {isa = PBXFileReference; explicitFileType = wrapper.application; includeInIndex = 0; path = TravelLog.app; sourceTree = BUILT_PRODUCTS_DIR; };
		D5F35D3C2BA4C8CB0013F8C9 /* AppDelegate.swift */ = {isa = PBXFileReference; lastKnownFileType = sourcecode.swift; path = AppDelegate.swift; sourceTree = "<group>"; };
		D5F35D3E2BA4C8CB0013F8C9 /* SceneDelegate.swift */ = {isa = PBXFileReference; lastKnownFileType = sourcecode.swift; path = SceneDelegate.swift; sourceTree = "<group>"; };
		D5F35D402BA4C8CB0013F8C9 /* LoginController.swift */ = {isa = PBXFileReference; lastKnownFileType = sourcecode.swift; path = LoginController.swift; sourceTree = "<group>"; };
		D5F35D452BA4C8CC0013F8C9 /* Assets.xcassets */ = {isa = PBXFileReference; lastKnownFileType = folder.assetcatalog; path = Assets.xcassets; sourceTree = "<group>"; };
		D5F35D482BA4C8CC0013F8C9 /* Base */ = {isa = PBXFileReference; lastKnownFileType = file.storyboard; name = Base; path = Base.lproj/LaunchScreen.storyboard; sourceTree = "<group>"; };
		D5F35D4A2BA4C8CC0013F8C9 /* Info.plist */ = {isa = PBXFileReference; lastKnownFileType = text.plist.xml; path = Info.plist; sourceTree = "<group>"; };
		D5F35D532BA77A9C0013F8C9 /* AuthHeaderView.swift */ = {isa = PBXFileReference; lastKnownFileType = sourcecode.swift; path = AuthHeaderView.swift; sourceTree = "<group>"; };
		D5F35D552BA788D50013F8C9 /* CustomTextField.swift */ = {isa = PBXFileReference; lastKnownFileType = sourcecode.swift; path = CustomTextField.swift; sourceTree = "<group>"; };
		D5F35D572BA78F6E0013F8C9 /* CustomButton.swift */ = {isa = PBXFileReference; lastKnownFileType = sourcecode.swift; path = CustomButton.swift; sourceTree = "<group>"; };
		D5F35D592BA8656D0013F8C9 /* RegisterController.swift */ = {isa = PBXFileReference; lastKnownFileType = sourcecode.swift; path = RegisterController.swift; sourceTree = "<group>"; };
		D5F35D5B2BA8780B0013F8C9 /* WebViewController.swift */ = {isa = PBXFileReference; lastKnownFileType = sourcecode.swift; path = WebViewController.swift; sourceTree = "<group>"; };
		D5F35D5D2BA882500013F8C9 /* ForgotPassController.swift */ = {isa = PBXFileReference; lastKnownFileType = sourcecode.swift; path = ForgotPassController.swift; sourceTree = "<group>"; };
/* End PBXFileReference section */

/* Begin PBXFrameworksBuildPhase section */
		D5F35D362BA4C8CB0013F8C9 /* Frameworks */ = {
			isa = PBXFrameworksBuildPhase;
			buildActionMask = 2147483647;
			files = (
			);
			runOnlyForDeploymentPostprocessing = 0;
		};
/* End PBXFrameworksBuildPhase section */

/* Begin PBXGroup section */
		D5F35D302BA4C8CB0013F8C9 = {
			isa = PBXGroup;
			children = (
				D5F35D3B2BA4C8CB0013F8C9 /* TravelLog */,
				D5F35D3A2BA4C8CB0013F8C9 /* Products */,
			);
			sourceTree = "<group>";
		};
		D5F35D3A2BA4C8CB0013F8C9 /* Products */ = {
			isa = PBXGroup;
			children = (
				D5F35D392BA4C8CB0013F8C9 /* TravelLog.app */,
			);
			name = Products;
			sourceTree = "<group>";
		};
		D5F35D3B2BA4C8CB0013F8C9 /* TravelLog */ = {
			isa = PBXGroup;
			children = (
				D5F35D5F2BA99ADF0013F8C9 /* Managers */,
				D5F35D522BA77A6D0013F8C9 /* Views */,
				D5F35D512BA77A540013F8C9 /* Scenes */,
				D5F35D502BA77A410013F8C9 /* Support */,
				D5F35D4A2BA4C8CC0013F8C9 /* Info.plist */,
			);
			path = TravelLog;
			sourceTree = "<group>";
		};
		D5F35D502BA77A410013F8C9 /* Support */ = {
			isa = PBXGroup;
			children = (
				D5F35D3E2BA4C8CB0013F8C9 /* SceneDelegate.swift */,
				D5F35D3C2BA4C8CB0013F8C9 /* AppDelegate.swift */,
				D5F35D472BA4C8CC0013F8C9 /* LaunchScreen.storyboard */,
				D5F35D452BA4C8CC0013F8C9 /* Assets.xcassets */,
			);
			path = Support;
			sourceTree = "<group>";
		};
		D5F35D512BA77A540013F8C9 /* Scenes */ = {
			isa = PBXGroup;
			children = (
				D5F35D402BA4C8CB0013F8C9 /* LoginController.swift */,
				D5F35D5D2BA882500013F8C9 /* ForgotPassController.swift */,
				D5F35D592BA8656D0013F8C9 /* RegisterController.swift */,
			);
			path = Scenes;
			sourceTree = "<group>";
		};
		D5F35D522BA77A6D0013F8C9 /* Views */ = {
			isa = PBXGroup;
			children = (
				D5F35D532BA77A9C0013F8C9 /* AuthHeaderView.swift */,
				D5F35D552BA788D50013F8C9 /* CustomTextField.swift */,
				D5F35D572BA78F6E0013F8C9 /* CustomButton.swift */,
				D5F35D5B2BA8780B0013F8C9 /* WebViewController.swift */,
			);
			path = Views;
			sourceTree = "<group>";
		};
		D5F35D5F2BA99ADF0013F8C9 /* Managers */ = {
			isa = PBXGroup;
			children = (
			);
			path = Managers;
			sourceTree = "<group>";
		};
/* End PBXGroup section */

/* Begin PBXNativeTarget section */
		D5F35D382BA4C8CB0013F8C9 /* TravelLog */ = {
			isa = PBXNativeTarget;
			buildConfigurationList = D5F35D4D2BA4C8CC0013F8C9 /* Build configuration list for PBXNativeTarget "TravelLog" */;
			buildPhases = (
				D5F35D352BA4C8CB0013F8C9 /* Sources */,
				D5F35D362BA4C8CB0013F8C9 /* Frameworks */,
				D5F35D372BA4C8CB0013F8C9 /* Resources */,
			);
			buildRules = (
			);
			dependencies = (
			);
			name = TravelLog;
			productName = TravelLog;
			productReference = D5F35D392BA4C8CB0013F8C9 /* TravelLog.app */;
			productType = "com.apple.product-type.application";
		};
/* End PBXNativeTarget section */

/* Begin PBXProject section */
		D5F35D312BA4C8CB0013F8C9 /* Project object */ = {
			isa = PBXProject;
			attributes = {
				BuildIndependentTargetsInParallel = 1;
				LastSwiftUpdateCheck = 1500;
				LastUpgradeCheck = 1500;
				TargetAttributes = {
					D5F35D382BA4C8CB0013F8C9 = {
						CreatedOnToolsVersion = 15.0;
					};
				};
			};
			buildConfigurationList = D5F35D342BA4C8CB0013F8C9 /* Build configuration list for PBXProject "TravelLog" */;
			compatibilityVersion = "Xcode 14.0";
			developmentRegion = en;
			hasScannedForEncodings = 0;
			knownRegions = (
				en,
				Base,
			);
			mainGroup = D5F35D302BA4C8CB0013F8C9;
			productRefGroup = D5F35D3A2BA4C8CB0013F8C9 /* Products */;
			projectDirPath = "";
			projectRoot = "";
			targets = (
				D5F35D382BA4C8CB0013F8C9 /* TravelLog */,
			);
		};
/* End PBXProject section */

/* Begin PBXResourcesBuildPhase section */
		D5F35D372BA4C8CB0013F8C9 /* Resources */ = {
			isa = PBXResourcesBuildPhase;
			buildActionMask = 2147483647;
			files = (
				D5F35D492BA4C8CC0013F8C9 /* LaunchScreen.storyboard in Resources */,
				D5F35D462BA4C8CC0013F8C9 /* Assets.xcassets in Resources */,
			);
			runOnlyForDeploymentPostprocessing = 0;
		};
/* End PBXResourcesBuildPhase section */

/* Begin PBXSourcesBuildPhase section */
		D5F35D352BA4C8CB0013F8C9 /* Sources */ = {
			isa = PBXSourcesBuildPhase;
			buildActionMask = 2147483647;
			files = (
				D5F35D412BA4C8CB0013F8C9 /* LoginController.swift in Sources */,
				D5F35D542BA77A9C0013F8C9 /* AuthHeaderView.swift in Sources */,
				D5F35D582BA78F6F0013F8C9 /* CustomButton.swift in Sources */,
				D5F35D5A2BA8656D0013F8C9 /* RegisterController.swift in Sources */,
				D5F35D3D2BA4C8CB0013F8C9 /* AppDelegate.swift in Sources */,
				D5F35D3F2BA4C8CB0013F8C9 /* SceneDelegate.swift in Sources */,
				D5F35D5E2BA882500013F8C9 /* ForgotPassController.swift in Sources */,
				D5F35D562BA788D60013F8C9 /* CustomTextField.swift in Sources */,
				D5F35D5C2BA8780B0013F8C9 /* WebViewController.swift in Sources */,
			);
			runOnlyForDeploymentPostprocessing = 0;
		};
/* End PBXSourcesBuildPhase section */

/* Begin PBXVariantGroup section */
		D5F35D472BA4C8CC0013F8C9 /* LaunchScreen.storyboard */ = {
			isa = PBXVariantGroup;
			children = (
				D5F35D482BA4C8CC0013F8C9 /* Base */,
			);
			name = LaunchScreen.storyboard;
			sourceTree = "<group>";
		};
/* End PBXVariantGroup section */

/* Begin XCBuildConfiguration section */
		D5F35D4B2BA4C8CC0013F8C9 /* Debug */ = {
			isa = XCBuildConfiguration;
			buildSettings = {
				ALWAYS_SEARCH_USER_PATHS = NO;
				ASSETCATALOG_COMPILER_GENERATE_SWIFT_ASSET_SYMBOL_EXTENSIONS = YES;
				CLANG_ANALYZER_NONNULL = YES;
				CLANG_ANALYZER_NUMBER_OBJECT_CONVERSION = YES_AGGRESSIVE;
				CLANG_CXX_LANGUAGE_STANDARD = "gnu++20";
				CLANG_ENABLE_MODULES = YES;
				CLANG_ENABLE_OBJC_ARC = YES;
				CLANG_ENABLE_OBJC_WEAK = YES;
				CLANG_WARN_BLOCK_CAPTURE_AUTORELEASING = YES;
				CLANG_WARN_BOOL_CONVERSION = YES;
				CLANG_WARN_COMMA = YES;
				CLANG_WARN_CONSTANT_CONVERSION = YES;
				CLANG_WARN_DEPRECATED_OBJC_IMPLEMENTATIONS = YES;
				CLANG_WARN_DIRECT_OBJC_ISA_USAGE = YES_ERROR;
				CLANG_WARN_DOCUMENTATION_COMMENTS = YES;
				CLANG_WARN_EMPTY_BODY = YES;
				CLANG_WARN_ENUM_CONVERSION = YES;
				CLANG_WARN_INFINITE_RECURSION = YES;
				CLANG_WARN_INT_CONVERSION = YES;
				CLANG_WARN_NON_LITERAL_NULL_CONVERSION = YES;
				CLANG_WARN_OBJC_IMPLICIT_RETAIN_SELF = YES;
				CLANG_WARN_OBJC_LITERAL_CONVERSION = YES;
				CLANG_WARN_OBJC_ROOT_CLASS = YES_ERROR;
				CLANG_WARN_QUOTED_INCLUDE_IN_FRAMEWORK_HEADER = YES;
				CLANG_WARN_RANGE_LOOP_ANALYSIS = YES;
				CLANG_WARN_STRICT_PROTOTYPES = YES;
				CLANG_WARN_SUSPICIOUS_MOVE = YES;
				CLANG_WARN_UNGUARDED_AVAILABILITY = YES_AGGRESSIVE;
				CLANG_WARN_UNREACHABLE_CODE = YES;
				CLANG_WARN__DUPLICATE_METHOD_MATCH = YES;
				COPY_PHASE_STRIP = NO;
				DEBUG_INFORMATION_FORMAT = dwarf;
				ENABLE_STRICT_OBJC_MSGSEND = YES;
				ENABLE_TESTABILITY = YES;
				ENABLE_USER_SCRIPT_SANDBOXING = YES;
				GCC_C_LANGUAGE_STANDARD = gnu17;
				GCC_DYNAMIC_NO_PIC = NO;
				GCC_NO_COMMON_BLOCKS = YES;
				GCC_OPTIMIZATION_LEVEL = 0;
				GCC_PREPROCESSOR_DEFINITIONS = (
					"DEBUG=1",
					"$(inherited)",
				);
				GCC_WARN_64_TO_32_BIT_CONVERSION = YES;
				GCC_WARN_ABOUT_RETURN_TYPE = YES_ERROR;
				GCC_WARN_UNDECLARED_SELECTOR = YES;
				GCC_WARN_UNINITIALIZED_AUTOS = YES_AGGRESSIVE;
				GCC_WARN_UNUSED_FUNCTION = YES;
				GCC_WARN_UNUSED_VARIABLE = YES;
				IPHONEOS_DEPLOYMENT_TARGET = 17.0;
				LOCALIZATION_PREFERS_STRING_CATALOGS = YES;
				MTL_ENABLE_DEBUG_INFO = INCLUDE_SOURCE;
				MTL_FAST_MATH = YES;
				ONLY_ACTIVE_ARCH = YES;
				SDKROOT = iphoneos;
				SWIFT_ACTIVE_COMPILATION_CONDITIONS = "DEBUG $(inherited)";
				SWIFT_OPTIMIZATION_LEVEL = "-Onone";
			};
			name = Debug;
		};
		D5F35D4C2BA4C8CC0013F8C9 /* Release */ = {
			isa = XCBuildConfiguration;
			buildSettings = {
				ALWAYS_SEARCH_USER_PATHS = NO;
				ASSETCATALOG_COMPILER_GENERATE_SWIFT_ASSET_SYMBOL_EXTENSIONS = YES;
				CLANG_ANALYZER_NONNULL = YES;
				CLANG_ANALYZER_NUMBER_OBJECT_CONVERSION = YES_AGGRESSIVE;
				CLANG_CXX_LANGUAGE_STANDARD = "gnu++20";
				CLANG_ENABLE_MODULES = YES;
				CLANG_ENABLE_OBJC_ARC = YES;
				CLANG_ENABLE_OBJC_WEAK = YES;
				CLANG_WARN_BLOCK_CAPTURE_AUTORELEASING = YES;
				CLANG_WARN_BOOL_CONVERSION = YES;
				CLANG_WARN_COMMA = YES;
				CLANG_WARN_CONSTANT_CONVERSION = YES;
				CLANG_WARN_DEPRECATED_OBJC_IMPLEMENTATIONS = YES;
				CLANG_WARN_DIRECT_OBJC_ISA_USAGE = YES_ERROR;
				CLANG_WARN_DOCUMENTATION_COMMENTS = YES;
				CLANG_WARN_EMPTY_BODY = YES;
				CLANG_WARN_ENUM_CONVERSION = YES;
				CLANG_WARN_INFINITE_RECURSION = YES;
				CLANG_WARN_INT_CONVERSION = YES;
				CLANG_WARN_NON_LITERAL_NULL_CONVERSION = YES;
				CLANG_WARN_OBJC_IMPLICIT_RETAIN_SELF = YES;
				CLANG_WARN_OBJC_LITERAL_CONVERSION = YES;
				CLANG_WARN_OBJC_ROOT_CLASS = YES_ERROR;
				CLANG_WARN_QUOTED_INCLUDE_IN_FRAMEWORK_HEADER = YES;
				CLANG_WARN_RANGE_LOOP_ANALYSIS = YES;
				CLANG_WARN_STRICT_PROTOTYPES = YES;
				CLANG_WARN_SUSPICIOUS_MOVE = YES;
				CLANG_WARN_UNGUARDED_AVAILABILITY = YES_AGGRESSIVE;
				CLANG_WARN_UNREACHABLE_CODE = YES;
				CLANG_WARN__DUPLICATE_METHOD_MATCH = YES;
				COPY_PHASE_STRIP = NO;
				DEBUG_INFORMATION_FORMAT = "dwarf-with-dsym";
				ENABLE_NS_ASSERTIONS = NO;
				ENABLE_STRICT_OBJC_MSGSEND = YES;
				ENABLE_USER_SCRIPT_SANDBOXING = YES;
				GCC_C_LANGUAGE_STANDARD = gnu17;
				GCC_NO_COMMON_BLOCKS = YES;
				GCC_WARN_64_TO_32_BIT_CONVERSION = YES;
				GCC_WARN_ABOUT_RETURN_TYPE = YES_ERROR;
				GCC_WARN_UNDECLARED_SELECTOR = YES;
				GCC_WARN_UNINITIALIZED_AUTOS = YES_AGGRESSIVE;
				GCC_WARN_UNUSED_FUNCTION = YES;
				GCC_WARN_UNUSED_VARIABLE = YES;
				IPHONEOS_DEPLOYMENT_TARGET = 17.0;
				LOCALIZATION_PREFERS_STRING_CATALOGS = YES;
				MTL_ENABLE_DEBUG_INFO = NO;
				MTL_FAST_MATH = YES;
				SDKROOT = iphoneos;
				SWIFT_COMPILATION_MODE = wholemodule;
				VALIDATE_PRODUCT = YES;
			};
			name = Release;
		};
		D5F35D4E2BA4C8CC0013F8C9 /* Debug */ = {
			isa = XCBuildConfiguration;
			buildSettings = {
				ASSETCATALOG_COMPILER_APPICON_NAME = AppIcon;
				ASSETCATALOG_COMPILER_GLOBAL_ACCENT_COLOR_NAME = AccentColor;
				CODE_SIGN_STYLE = Automatic;
				CURRENT_PROJECT_VERSION = 1;
				GENERATE_INFOPLIST_FILE = YES;
				INFOPLIST_FILE = TravelLog/Info.plist;
				INFOPLIST_KEY_CFBundleDisplayName = "Travel Buddy";
				INFOPLIST_KEY_UIApplicationSupportsIndirectInputEvents = YES;
				INFOPLIST_KEY_UILaunchStoryboardName = LaunchScreen;
				INFOPLIST_KEY_UIMainStoryboardFile = "";
				INFOPLIST_KEY_UISupportedInterfaceOrientations_iPad = "UIInterfaceOrientationPortrait UIInterfaceOrientationPortraitUpsideDown UIInterfaceOrientationLandscapeLeft UIInterfaceOrientationLandscapeRight";
				INFOPLIST_KEY_UISupportedInterfaceOrientations_iPhone = "UIInterfaceOrientationPortrait UIInterfaceOrientationLandscapeLeft UIInterfaceOrientationLandscapeRight";
				LD_RUNPATH_SEARCH_PATHS = (
					"$(inherited)",
					"@executable_path/Frameworks",
				);
				MARKETING_VERSION = 1.0;
				PRODUCT_BUNDLE_IDENTIFIER = Nikoloz.TravelLog;
				PRODUCT_NAME = "$(TARGET_NAME)";
				SWIFT_EMIT_LOC_STRINGS = YES;
				SWIFT_VERSION = 5.0;
				TARGETED_DEVICE_FAMILY = "1,2";
			};
			name = Debug;
		};
		D5F35D4F2BA4C8CC0013F8C9 /* Release */ = {
			isa = XCBuildConfiguration;
			buildSettings = {
				ASSETCATALOG_COMPILER_APPICON_NAME = AppIcon;
				ASSETCATALOG_COMPILER_GLOBAL_ACCENT_COLOR_NAME = AccentColor;
				CODE_SIGN_STYLE = Automatic;
				CURRENT_PROJECT_VERSION = 1;
				GENERATE_INFOPLIST_FILE = YES;
				INFOPLIST_FILE = TravelLog/Info.plist;
				INFOPLIST_KEY_CFBundleDisplayName = "Travel Buddy";
				INFOPLIST_KEY_UIApplicationSupportsIndirectInputEvents = YES;
				INFOPLIST_KEY_UILaunchStoryboardName = LaunchScreen;
				INFOPLIST_KEY_UIMainStoryboardFile = "";
				INFOPLIST_KEY_UISupportedInterfaceOrientations_iPad = "UIInterfaceOrientationPortrait UIInterfaceOrientationPortraitUpsideDown UIInterfaceOrientationLandscapeLeft UIInterfaceOrientationLandscapeRight";
				INFOPLIST_KEY_UISupportedInterfaceOrientations_iPhone = "UIInterfaceOrientationPortrait UIInterfaceOrientationLandscapeLeft UIInterfaceOrientationLandscapeRight";
				LD_RUNPATH_SEARCH_PATHS = (
					"$(inherited)",
					"@executable_path/Frameworks",
				);
				MARKETING_VERSION = 1.0;
				PRODUCT_BUNDLE_IDENTIFIER = Nikoloz.TravelLog;
				PRODUCT_NAME = "$(TARGET_NAME)";
				SWIFT_EMIT_LOC_STRINGS = YES;
				SWIFT_VERSION = 5.0;
				TARGETED_DEVICE_FAMILY = "1,2";
			};
			name = Release;
		};
/* End XCBuildConfiguration section */

/* Begin XCConfigurationList section */
		D5F35D342BA4C8CB0013F8C9 /* Build configuration list for PBXProject "TravelLog" */ = {
			isa = XCConfigurationList;
			buildConfigurations = (
				D5F35D4B2BA4C8CC0013F8C9 /* Debug */,
				D5F35D4C2BA4C8CC0013F8C9 /* Release */,
			);
			defaultConfigurationIsVisible = 0;
			defaultConfigurationName = Release;
		};
		D5F35D4D2BA4C8CC0013F8C9 /* Build configuration list for PBXNativeTarget "TravelLog" */ = {
			isa = XCConfigurationList;
			buildConfigurations = (
				D5F35D4E2BA4C8CC0013F8C9 /* Debug */,
				D5F35D4F2BA4C8CC0013F8C9 /* Release */,
			);
			defaultConfigurationIsVisible = 0;
			defaultConfigurationName = Release;
		};
/* End XCConfigurationList section */
	};
	rootObject = D5F35D312BA4C8CB0013F8C9 /* Project object */;
}
